PODS:
  - audioplayers (0.0.1):
    - Flutter
  - awesome_notifications (0.0.3):
    - Flutter
  - cashfree_pg (0.0.1):
    - Flutter
  - connectivity_plus (0.0.1):
    - Flutter
    - ReachabilitySwift
  - contacts_service (0.2.2):
    - Flutter
  - Firebase/Auth (9.4.0):
    - Firebase/CoreOnly
    - FirebaseAuth (~> 9.4.0)
  - Firebase/CoreOnly (9.4.0):
    - FirebaseCore (= 9.4.0)
  - Firebase/Database (9.4.0):
    - Firebase/CoreOnly
    - FirebaseDatabase (~> 9.4.0)
  - Firebase/Messaging (9.4.0):
    - Firebase/CoreOnly
    - FirebaseMessaging (~> 9.4.0)
  - firebase_auth (3.7.0):
    - Firebase/Auth (= 9.4.0)
    - firebase_core
    - Flutter
  - firebase_core (1.21.1):
    - Firebase/CoreOnly (= 9.4.0)
    - Flutter
  - firebase_database (9.1.3):
    - Firebase/Database (= 9.4.0)
    - firebase_core
    - Flutter
  - firebase_messaging (12.0.3):
    - Firebase/Messaging (= 9.4.0)
    - firebase_core
    - Flutter
  - FirebaseAuth (9.4.0):
    - FirebaseCore (~> 9.0)
    - GoogleUtilities/AppDelegateSwizzler (~> 7.7)
    - GoogleUtilities/Environment (~> 7.7)
    - GTMSessionFetcher/Core (< 3.0, >= 1.7)
  - FirebaseCore (9.4.0):
    - FirebaseCoreDiagnostics (~> 9.0)
    - FirebaseCoreInternal (~> 9.0)
    - GoogleUtilities/Environment (~> 7.7)
    - GoogleUtilities/Logger (~> 7.7)
  - FirebaseCoreDiagnostics (9.5.0):
    - GoogleDataTransport (< 10.0.0, >= 9.1.4)
    - GoogleUtilities/Environment (~> 7.7)
    - GoogleUtilities/Logger (~> 7.7)
    - nanopb (< 2.30910.0, >= 2.30908.0)
  - FirebaseCoreInternal (9.5.0):
    - "GoogleUtilities/NSData+zlib (~> 7.7)"
  - FirebaseDatabase (9.4.0):
    - FirebaseCore (~> 9.0)
    - leveldb-library (~> 1.22)
  - FirebaseInstallations (9.5.0):
    - FirebaseCore (~> 9.0)
    - GoogleUtilities/Environment (~> 7.7)
    - GoogleUtilities/UserDefaults (~> 7.7)
    - PromisesObjC (~> 2.1)
  - FirebaseMessaging (9.4.0):
    - FirebaseCore (~> 9.0)
    - FirebaseInstallations (~> 9.0)
    - GoogleDataTransport (< 10.0.0, >= 9.1.4)
    - GoogleUtilities/AppDelegateSwizzler (~> 7.7)
    - GoogleUtilities/Environment (~> 7.7)
    - GoogleUtilities/Reachability (~> 7.7)
    - GoogleUtilities/UserDefaults (~> 7.7)
    - nanopb (< 2.30910.0, >= 2.30908.0)
  - Flutter (1.0.0)
  - flutter_inappwebview (0.0.1):
    - Flutter
    - flutter_inappwebview/Core (= 0.0.1)
    - OrderedSet (~> 5.0)
  - flutter_inappwebview/Core (0.0.1):
    - Flutter
    - OrderedSet (~> 5.0)
  - flutter_local_notifications (0.0.1):
    - Flutter
  - fluttertoast (0.0.2):
    - Flutter
    - Toast
  - geolocator_apple (1.2.0):
    - Flutter
  - google_maps_flutter_ios (0.0.1):
    - Flutter
    - GoogleMaps
  - GoogleDataTransport (9.2.0):
    - GoogleUtilities/Environment (~> 7.7)
    - nanopb (< 2.30910.0, >= 2.30908.0)
    - PromisesObjC (< 3.0, >= 1.2)
  - GoogleMaps (6.2.1):
    - GoogleMaps/Maps (= 6.2.1)
  - GoogleMaps/Base (6.2.1)
  - GoogleMaps/Maps (6.2.1):
    - GoogleMaps/Base
  - GoogleUtilities/AppDelegateSwizzler (7.7.0):
    - GoogleUtilities/Environment
    - GoogleUtilities/Logger
    - GoogleUtilities/Network
  - GoogleUtilities/Environment (7.7.0):
    - PromisesObjC (< 3.0, >= 1.2)
  - GoogleUtilities/Logger (7.7.0):
    - GoogleUtilities/Environment
  - GoogleUtilities/Network (7.7.0):
    - GoogleUtilities/Logger
    - "GoogleUtilities/NSData+zlib"
    - GoogleUtilities/Reachability
  - "GoogleUtilities/NSData+zlib (7.7.0)"
  - GoogleUtilities/Reachability (7.7.0):
    - GoogleUtilities/Logger
  - GoogleUtilities/UserDefaults (7.7.0):
    - GoogleUtilities/Logger
  - GTMSessionFetcher/Core (2.1.0)
  - image_picker_ios (0.0.1):
    - Flutter
  - leveldb-library (1.22.1)
  - location (0.0.1):
    - Flutter
  - nanopb (2.30909.0):
    - nanopb/decode (= 2.30909.0)
    - nanopb/encode (= 2.30909.0)
  - nanopb/decode (2.30909.0)
  - nanopb/encode (2.30909.0)
  - OrderedSet (5.0.0)
  - package_info_plus (0.4.5):
    - Flutter
  - path_provider_ios (0.0.1):
    - Flutter
  - permission_handler_apple (9.0.4):
    - Flutter
  - PromisesObjC (2.1.1)
  - razorpay-pod (1.2.8)
  - razorpay_flutter (1.1.10):
    - Flutter
    - razorpay-pod
  - ReachabilitySwift (5.0.0)
  - share_plus (0.0.1):
    - Flutter
  - shared_preferences_ios (0.0.1):
    - Flutter
  - Stripe (22.5.1):
    - Stripe/Stripe3DS2 (= 22.5.1)
    - StripeApplePay (= 22.5.1)
    - StripeCore (= 22.5.1)
    - StripeUICore (= 22.5.1)
  - Stripe/Stripe3DS2 (22.5.1):
    - StripeApplePay (= 22.5.1)
    - StripeCore (= 22.5.1)
    - StripeUICore (= 22.5.1)
  - stripe_ios (0.0.1):
    - Flutter
    - Stripe (~> 22.5.1)
    - StripeFinancialConnections (~> 22.5.1)
  - StripeApplePay (22.5.1):
    - StripeCore (= 22.5.1)
  - StripeCore (22.5.1)
  - StripeFinancialConnections (22.5.1):
    - StripeCore (= 22.5.1)
    - StripeUICore (= 22.5.1)
  - StripeUICore (22.5.1):
    - StripeCore (= 22.5.1)
  - Toast (4.0.0)
  - url_launcher_ios (0.0.1):
    - Flutter
  - webview_flutter_wkwebview (0.0.1):
    - Flutter

DEPENDENCIES:
  - audioplayers (from `.symlinks/plugins/audioplayers/ios`)
  - awesome_notifications (from `.symlinks/plugins/awesome_notifications/ios`)
  - cashfree_pg (from `.symlinks/plugins/cashfree_pg/ios`)
  - connectivity_plus (from `.symlinks/plugins/connectivity_plus/ios`)
  - contacts_service (from `.symlinks/plugins/contacts_service/ios`)
  - firebase_auth (from `.symlinks/plugins/firebase_auth/ios`)
  - firebase_core (from `.symlinks/plugins/firebase_core/ios`)
  - firebase_database (from `.symlinks/plugins/firebase_database/ios`)
  - firebase_messaging (from `.symlinks/plugins/firebase_messaging/ios`)
  - Flutter (from `Flutter`)
  - flutter_inappwebview (from `.symlinks/plugins/flutter_inappwebview/ios`)
  - flutter_local_notifications (from `.symlinks/plugins/flutter_local_notifications/ios`)
  - fluttertoast (from `.symlinks/plugins/fluttertoast/ios`)
  - geolocator_apple (from `.symlinks/plugins/geolocator_apple/ios`)
  - google_maps_flutter_ios (from `.symlinks/plugins/google_maps_flutter_ios/ios`)
  - image_picker_ios (from `.symlinks/plugins/image_picker_ios/ios`)
  - location (from `.symlinks/plugins/location/ios`)
  - package_info_plus (from `.symlinks/plugins/package_info_plus/ios`)
  - path_provider_ios (from `.symlinks/plugins/path_provider_ios/ios`)
  - permission_handler_apple (from `.symlinks/plugins/permission_handler_apple/ios`)
  - razorpay_flutter (from `.symlinks/plugins/razorpay_flutter/ios`)
  - share_plus (from `.symlinks/plugins/share_plus/ios`)
  - shared_preferences_ios (from `.symlinks/plugins/shared_preferences_ios/ios`)
  - stripe_ios (from `.symlinks/plugins/stripe_ios/ios`)
  - url_launcher_ios (from `.symlinks/plugins/url_launcher_ios/ios`)
  - webview_flutter_wkwebview (from `.symlinks/plugins/webview_flutter_wkwebview/ios`)

SPEC REPOS:
  trunk:
    - Firebase
    - FirebaseAuth
    - FirebaseCore
    - FirebaseCoreDiagnostics
    - FirebaseCoreInternal
    - FirebaseDatabase
    - FirebaseInstallations
    - FirebaseMessaging
    - GoogleDataTransport
    - GoogleMaps
    - GoogleUtilities
    - GTMSessionFetcher
    - leveldb-library
    - nanopb
    - OrderedSet
    - PromisesObjC
    - razorpay-pod
    - ReachabilitySwift
    - Stripe
    - StripeApplePay
    - StripeCore
    - StripeFinancialConnections
    - StripeUICore
    - Toast

EXTERNAL SOURCES:
  audioplayers:
    :path: ".symlinks/plugins/audioplayers/ios"
  awesome_notifications:
    :path: ".symlinks/plugins/awesome_notifications/ios"
  cashfree_pg:
    :path: ".symlinks/plugins/cashfree_pg/ios"
  connectivity_plus:
    :path: ".symlinks/plugins/connectivity_plus/ios"
  contacts_service:
    :path: ".symlinks/plugins/contacts_service/ios"
  firebase_auth:
    :path: ".symlinks/plugins/firebase_auth/ios"
  firebase_core:
    :path: ".symlinks/plugins/firebase_core/ios"
  firebase_database:
    :path: ".symlinks/plugins/firebase_database/ios"
  firebase_messaging:
    :path: ".symlinks/plugins/firebase_messaging/ios"
  Flutter:
    :path: Flutter
  flutter_inappwebview:
    :path: ".symlinks/plugins/flutter_inappwebview/ios"
  flutter_local_notifications:
    :path: ".symlinks/plugins/flutter_local_notifications/ios"
  fluttertoast:
    :path: ".symlinks/plugins/fluttertoast/ios"
  geolocator_apple:
    :path: ".symlinks/plugins/geolocator_apple/ios"
  google_maps_flutter_ios:
    :path: ".symlinks/plugins/google_maps_flutter_ios/ios"
  image_picker_ios:
    :path: ".symlinks/plugins/image_picker_ios/ios"
  location:
    :path: ".symlinks/plugins/location/ios"
  package_info_plus:
    :path: ".symlinks/plugins/package_info_plus/ios"
  path_provider_ios:
    :path: ".symlinks/plugins/path_provider_ios/ios"
  permission_handler_apple:
    :path: ".symlinks/plugins/permission_handler_apple/ios"
  razorpay_flutter:
    :path: ".symlinks/plugins/razorpay_flutter/ios"
  share_plus:
    :path: ".symlinks/plugins/share_plus/ios"
  shared_preferences_ios:
    :path: ".symlinks/plugins/shared_preferences_ios/ios"
  stripe_ios:
    :path: ".symlinks/plugins/stripe_ios/ios"
  url_launcher_ios:
    :path: ".symlinks/plugins/url_launcher_ios/ios"
  webview_flutter_wkwebview:
    :path: ".symlinks/plugins/webview_flutter_wkwebview/ios"

SPEC CHECKSUMS:
  audioplayers: 455322b54050b30ea4b1af7cd9e9d105f74efa8c
  awesome_notifications: 04530aafec8dac4635244ed4b4072f4aea6cc938
  cashfree_pg: 4d216897f5b81020f5be03de34363d4539600b07
  connectivity_plus: 413a8857dd5d9f1c399a39130850d02fe0feaf7e
  contacts_service: 849e1f84281804c8bfbec1b4c3eedcb23c5d3eca
  Firebase: 7703fc4022824b6d6db1bf7bea58d13b8e17ec46
  firebase_auth: 74cfbf7be1e3e7fdaac9e7f117cefd89155251a9
  firebase_core: 8e500850dd138c269d197c8dfca3ae886fa3b6f2
  firebase_database: 31aebb8797cd59eb881375aa0debe33eba5a1c2a
  firebase_messaging: b65dacd4de1b469893dea0d754b1947f45ef4f7a
  FirebaseAuth: ae5d4402e1516497357d909162b091b3ca2a2e9c
  FirebaseCore: 9a2b10270a854731c4d4d8a97d0aa8380ec3458d
  FirebaseCoreDiagnostics: 17cbf4e72b1dbd64bfdc33d4b1f07bce4f16f1d8
  FirebaseCoreInternal: 50a8e39cae8abf72d5145d07ea34c3244f70862b
  FirebaseDatabase: e93f5441b549ea4492a8d8a0c7d612ac46c1b12a
  FirebaseInstallations: 41f811b530c41dd90973d0174381cdb3fcb5e839
  FirebaseMessaging: 4e220eddd356181469ba2ec5f7d5fafbc2312841
  Flutter: f04841e97a9d0b0a8025694d0796dd46242b2854
  flutter_inappwebview: bfd58618f49dc62f2676de690fc6dcda1d6c3721
  flutter_local_notifications: 0c0b1ae97e741e1521e4c1629a459d04b9aec743
  fluttertoast: 16fbe6039d06a763f3533670197d01fc73459037
  geolocator_apple: cc556e6844d508c95df1e87e3ea6fa4e58c50401
  google_maps_flutter_ios: 66201f392bf62d500f07670a30488a247b9bb5b9
  GoogleDataTransport: 1c8145da7117bd68bbbed00cf304edb6a24de00f
  GoogleMaps: 20d7b12be49a14287f797e88e0e31bc4156aaeb4
  GoogleUtilities: e0913149f6b0625b553d70dae12b49fc62914fd1
  GTMSessionFetcher: ffbb25ec00ebcb5201adab0a56d808f6f1902d9f
  image_picker_ios: b786a5dcf033a8336a657191401bfdf12017dabb
  leveldb-library: 50c7b45cbd7bf543c81a468fe557a16ae3db8729
  location: 3a2eed4dd2fab25e7b7baf2a9efefe82b512d740
  nanopb: b552cce312b6c8484180ef47159bc0f65a1f0431
  OrderedSet: aaeb196f7fef5a9edf55d89760da9176ad40b93c
  package_info_plus: 6c92f08e1f853dc01228d6f553146438dafcd14e
  path_provider_ios: 14f3d2fd28c4fdb42f44e0f751d12861c43cee02
  permission_handler_apple: 44366e37eaf29454a1e7b1b7d736c2cceaeb17ce
  PromisesObjC: ab77feca74fa2823e7af4249b8326368e61014cb
  razorpay-pod: 3ec6fe82e7d5927013cfbbef81a880188c86b077
  razorpay_flutter: 84b3bfd206ae9c9c2a9ba585524a1b3d8102b6c1
  ReachabilitySwift: 985039c6f7b23a1da463388634119492ff86c825
  share_plus: 056a1e8ac890df3e33cb503afffaf1e9b4fbae68
  shared_preferences_ios: 548a61f8053b9b8a49ac19c1ffbc8b92c50d68ad
  Stripe: 2b2decd03146e08a350960966d41f3028c2eac29
  stripe_ios: e94186250816de030881ced3399154eab186e439
  StripeApplePay: b14f06ac6fc24b56704c1e598149ed0cc45e166f
  StripeCore: 4833738f2ca4336712f279f3c2867a0a7eb67c93
  StripeFinancialConnections: 982115b82af429968d8aa78d329a42ed7ba3feab
  StripeUICore: 08c1efbd7e3c54ee7fa74334a37a1d4c08ba944d
  Toast: 91b396c56ee72a5790816f40d3a94dd357abc196
  url_launcher_ios: 839c58cdb4279282219f5e248c3321761ff3c4de
  webview_flutter_wkwebview: b7e70ef1ddded7e69c796c7390ee74180182971f

PODFILE CHECKSUM: 902396c7b6c17227f0214bd70e32d93df61fab51

COCOAPODS: 1.11.2
